{
  "name": "static",
  "version": "1.0.0",
  "lockfileVersion": 1,
  "requires": true,
  "dependencies": {
    "bootstrap": {
      "version": "http://registry.npm.taobao.org/bootstrap/download/bootstrap-3.3.7.tgz"
    },
    "bootstrap-switch": {
      "version": "3.3.4",
      "resolved": "http://registry.npm.taobao.org/bootstrap-switch/download/bootstrap-switch-3.3.4.tgz",
      "integrity": "sha1-cOCusqh3wNx2aZHeEI4hcPwpov8="
    },
    "font-awesome": {
      "version": "http://registry.npm.taobao.org/font-awesome/download/font-awesome-4.7.0.tgz"
    },
    "icheck": {
      "version": "http://registry.npm.taobao.org/icheck/download/icheck-1.0.2.tgz"
    },
    "jquery": {
      "version": "http://registry.npm.taobao.org/jquery/download/jquery-3.2.1.tgz"
    }
  }
}
