{
  "name": "static",
  "version": "1.0.0",
  "lockfileVersion": 1,
  "requires": true,
  "dependencies": {
    "bootstrap": {
      "version": "http://registry.npm.taobao.org/bootstrap/download/bootstrap-3.3.7.tgz"
    },
    "font-awesome": {
      "version": "http://registry.npm.taobao.org/font-awesome/download/font-awesome-4.7.0.tgz"
    },
    "hdjs": {
      "version": "1.2.93",
      "resolved": "http://registry.npm.taobao.org/hdjs/download/hdjs-1.2.93.tgz",
      "integrity": "sha1-oTtusduaKc3KR6mFQXAhYWd2OrU=",
      "requires": {
        "webuploader": "0.1.8"
      }
    },
    "icheck": {
      "version": "http://registry.npm.taobao.org/icheck/download/icheck-1.0.2.tgz"
    },
    "jquery": {
      "version": "http://registry.npm.taobao.org/jquery/download/jquery-3.2.1.tgz"
    },
    "webuploader": {
      "version": "0.1.8",
      "resolved": "http://registry.npm.taobao.org/webuploader/download/webuploader-0.1.8.tgz",
      "integrity": "sha1-eoTygrTTy791PHmt9ITaTmno6eE="
    }
  }
}
